
Microsoft Visual Studio Solution File, Format Version 12.00
# Visual Studio Version 17
VisualStudioVersion = 17.0.31903.59
MinimumVisualStudioVersion = 10.0.40219.1
Project("{FAE04EC0-301F-11D3-BF4B-00C04F79EFBC}") = "LinkedListLab.Shared", "LinkedListLab.Shared\LinkedListLab.Shared.csproj", "{5241FBCE-8498-4533-B653-276B340F0BCC}"
EndProject
Project("{FAE04EC0-301F-11D3-BF4B-00C04F79EFBC}") = "LinkedListLab.Console", "LinkedListLab.Console\LinkedListLab.Console.csproj", "{9863C7E4-4C03-457A-89D7-A8D2F51111D5}"
EndProject
Project("{FAE04EC0-301F-11D3-BF4B-00C04F79EFBC}") = "LinkedListLab.Test", "LinkedListLab.Test\LinkedListLab.Test.csproj", "{CECD61FE-F809-42DC-9F77-9BC70A24D37D}"
EndProject
Global
	GlobalSection(SolutionConfigurationPlatforms) = preSolution
		Debug|Any CPU = Debug|Any CPU
		Release|Any CPU = Release|Any CPU
	EndGlobalSection
	GlobalSection(SolutionProperties) = preSolution
		HideSolutionNode = FALSE
	EndGlobalSection
	GlobalSection(ProjectConfigurationPlatforms) = postSolution
		{5241FBCE-8498-4533-B653-276B340F0BCC}.Debug|Any CPU.ActiveCfg = Debug|Any CPU
		{5241FBCE-8498-4533-B653-276B340F0BCC}.Debug|Any CPU.Build.0 = Debug|Any CPU
		{5241FBCE-8498-4533-B653-276B340F0BCC}.Release|Any CPU.ActiveCfg = Release|Any CPU
		{5241FBCE-8498-4533-B653-276B340F0BCC}.Release|Any CPU.Build.0 = Release|Any CPU
		{9863C7E4-4C03-457A-89D7-A8D2F51111D5}.Debug|Any CPU.ActiveCfg = Debug|Any CPU
		{9863C7E4-4C03-457A-89D7-A8D2F51111D5}.Debug|Any CPU.Build.0 = Debug|Any CPU
		{9863C7E4-4C03-457A-89D7-A8D2F51111D5}.Release|Any CPU.ActiveCfg = Release|Any CPU
		{9863C7E4-4C03-457A-89D7-A8D2F51111D5}.Release|Any CPU.Build.0 = Release|Any CPU
		{CECD61FE-F809-42DC-9F77-9BC70A24D37D}.Debug|Any CPU.ActiveCfg = Debug|Any CPU
		{CECD61FE-F809-42DC-9F77-9BC70A24D37D}.Debug|Any CPU.Build.0 = Debug|Any CPU
		{CECD61FE-F809-42DC-9F77-9BC70A24D37D}.Release|Any CPU.ActiveCfg = Release|Any CPU
		{CECD61FE-F809-42DC-9F77-9BC70A24D37D}.Release|Any CPU.Build.0 = Release|Any CPU
	EndGlobalSection
EndGlobal
